{
  "pins" : [
    {
      "identity" : "swift-snapshot-testing",
      "kind" : "remoteSourceControl",
      "location" : "https://github.com/mschuetz72/swift-snapshot-testing",
      "state" : {
        "branch" : "main",
        "revision" : "d2615ade3006a4562a4587e4dafdae16da76a876"
      }
    }
  ],
  "version" : 2
}
