{
  "pins" : [
    {
      "identity" : "swift-snapshot-testing",
      "kind" : "remoteSourceControl",
      "location" : "https://github.com/mschuetz72/swift-snapshot-testing",
      "state" : {
        "branch" : "main",
        "revision" : "76a5124d63e44ba378453e46f2144213d9d55076"
      }
    }
  ],
  "version" : 2
}
