{
  "pins" : [
    {
      "identity" : "swift-snapshot-testing",
      "kind" : "remoteSourceControl",
      "location" : "https://github.com/mschuetz72/swift-snapshot-testing",
      "state" : {
        "branch" : "main",
        "revision" : "2b40bfb31089f96cadf68ca45154bfe4ee802b9a"
      }
    }
  ],
  "version" : 2
}
